
Microsoft Visual Studio Solution File, Format Version 12.00
# Visual Studio 15
VisualStudioVersion = 15.0.28307.1738
MinimumVisualStudioVersion = 10.0.40219.1
Project("{159641D6-6404-4A2A-AE62-294DE0FE8301}") = "PesonalSales", "PesonalSales\PesonalSales.dtproj", "{3EF8907B-6664-4315-9B63-E9006C73F0CB}"
EndProject
Global
	GlobalSection(SolutionConfigurationPlatforms) = preSolution
		Development|Default = Development|Default
	EndGlobalSection
	GlobalSection(ProjectConfigurationPlatforms) = postSolution
		{3EF8907B-6664-4315-9B63-E9006C73F0CB}.Development|Default.ActiveCfg = Development
		{3EF8907B-6664-4315-9B63-E9006C73F0CB}.Development|Default.Build.0 = Development
	EndGlobalSection
	GlobalSection(SolutionProperties) = preSolution
		HideSolutionNode = FALSE
	EndGlobalSection
	GlobalSection(ExtensibilityGlobals) = postSolution
		SolutionGuid = {7CC88DD1-0AF9-45F2-BAB4-914E7FE4D2A8}
	EndGlobalSection
EndGlobal
